{
  "name": "Capstone",
  "version": "1.0.0",
  "lockfileVersion": 1,
  "requires": true,
  "dependencies": {
    "bignumber.js": {
      "version": "file:node_modules/bignumber.js"
    },
    "core-util-is": {
      "version": "file:node_modules/core-util-is"
    },
    "inherits": {
      "version": "file:node_modules/inherits"
    },
    "isarray": {
      "version": "file:node_modules/isarray"
    },
    "mysql": {
      "version": "file:node_modules/mysql"
    },
    "process-nextick-args": {
      "version": "file:node_modules/process-nextick-args"
    },
    "readable-stream": {
      "version": "file:node_modules/readable-stream"
    },
    "safe-buffer": {
      "version": "file:node_modules/safe-buffer"
    },
    "sqlstring": {
      "version": "file:node_modules/sqlstring"
    },
    "string_decoder": {
      "version": "file:node_modules/string_decoder"
    },
    "util-deprecate": {
      "version": "file:node_modules/util-deprecate"
    }
  }
}
