{
  "name": "Capstone",
  "version": "1.0.0",
  "lockfileVersion": 1,
  "requires": true,
  "dependencies": {
    "bignumber.js": {
      "version": "file:node_modules/bignumber.js"
    },
    "core-util-is": {
      "version": "file:node_modules/core-util-is"
    },
    "inherits": {
      "version": "file:node_modules/inherits"
    },
    "isarray": {
      "version": "file:node_modules/isarray"
    },
    "mysql": {
      "version": "file:node_modules/mysql",
      "requires": {
        "bignumber.js": "9.0.0",
        "readable-stream": "2.3.7",
        "safe-buffer": "5.1.2",
        "sqlstring": "2.3.1"
      }
    },
    "process-nextick-args": {
      "version": "file:node_modules/process-nextick-args"
    },
    "readable-stream": {
      "version": "file:node_modules/readable-stream",
      "requires": {
        "core-util-is": "~1.0.0",
        "inherits": "~2.0.3",
        "isarray": "~1.0.0",
        "process-nextick-args": "~2.0.0",
        "safe-buffer": "~5.1.1",
        "string_decoder": "~1.1.1",
        "util-deprecate": "~1.0.1"
      }
    },
    "safe-buffer": {
      "version": "file:node_modules/safe-buffer"
    },
    "sqlstring": {
      "version": "file:node_modules/sqlstring"
    },
    "string_decoder": {
      "version": "file:node_modules/string_decoder",
      "requires": {
        "safe-buffer": "~5.1.0"
      }
    },
    "util-deprecate": {
      "version": "file:node_modules/util-deprecate"
    }
  }
}
